
Microsoft Visual Studio Solution File, Format Version 12.00
# Visual Studio 15
VisualStudioVersion = 15.0.28010.2050
MinimumVisualStudioVersion = 10.0.40219.1
Project("{888888A0-9F3D-457C-B088-3A5042F75D52}") = "RadixVSIntercalaciónDirecta", "RadixVSIntercalaciónDirecta\RadixVSIntercalaciónDirecta.pyproj", "{1A384031-D3F6-459B-ADC8-F1E0D2D0AE87}"
EndProject
Global
	GlobalSection(SolutionConfigurationPlatforms) = preSolution
		Debug|Any CPU = Debug|Any CPU
		Release|Any CPU = Release|Any CPU
	EndGlobalSection
	GlobalSection(ProjectConfigurationPlatforms) = postSolution
		{1A384031-D3F6-459B-ADC8-F1E0D2D0AE87}.Debug|Any CPU.ActiveCfg = Debug|Any CPU
		{1A384031-D3F6-459B-ADC8-F1E0D2D0AE87}.Release|Any CPU.ActiveCfg = Release|Any CPU
	EndGlobalSection
	GlobalSection(SolutionProperties) = preSolution
		HideSolutionNode = FALSE
	EndGlobalSection
	GlobalSection(ExtensibilityGlobals) = postSolution
		SolutionGuid = {A6A6A2A5-84EB-4D5A-A695-3B02F0777680}
	EndGlobalSection
EndGlobal
